
Microsoft Visual Studio Solution File, Format Version 12.00
# Visual Studio Version 17
VisualStudioVersion = 17.3.32929.385
MinimumVisualStudioVersion = 10.0.40219.1
Project("{888888A0-9F3D-457C-B088-3A5042F75D52}") = "Btk_Akademi_Python_1", "Btk_Akademi_Python_1\Btk_Akademi_Python_1.pyproj", "{8CD9DD04-AF82-448C-AEBF-2EA2FBF7822E}"
EndProject
Global
	GlobalSection(SolutionConfigurationPlatforms) = preSolution
		Debug|Any CPU = Debug|Any CPU
		Release|Any CPU = Release|Any CPU
	EndGlobalSection
	GlobalSection(ProjectConfigurationPlatforms) = postSolution
		{8CD9DD04-AF82-448C-AEBF-2EA2FBF7822E}.Debug|Any CPU.ActiveCfg = Debug|Any CPU
		{8CD9DD04-AF82-448C-AEBF-2EA2FBF7822E}.Release|Any CPU.ActiveCfg = Release|Any CPU
	EndGlobalSection
	GlobalSection(SolutionProperties) = preSolution
		HideSolutionNode = FALSE
	EndGlobalSection
	GlobalSection(ExtensibilityGlobals) = postSolution
		SolutionGuid = {C1228F53-C6D6-4BC0-87BA-424E6A8C3815}
	EndGlobalSection
EndGlobal
